# THIS IS AN AUTOGENERATED FILE. DO NOT EDIT THIS FILE DIRECTLY.
# yarn lockfile v1


coc-css@>=1.2.2:
  version "1.2.2"
  resolved "https://registry.yarnpkg.com/coc-css/-/coc-css-1.2.2.tgz#9b62ac96a9db8c687396ab4648c0c67dc3897a2f"
  integrity sha512-JvZnKZZJZemS70o972OEjfnMGGO2sLpJA3iX1OT3CXmaymPb8CmufboyCVnzGMDMbFL/qHgfjbdw9kOg5ZtzzQ==

coc-html@>=1.2.3:
  version "1.2.3"
  resolved "https://registry.yarnpkg.com/coc-html/-/coc-html-1.2.3.tgz#7484a4aa6c13e02a891b3d4c685b8da9c3ae99bc"
  integrity sha512-8VAdVGQ6eiXOIvh+RBNep1fREpv9JzmjkF3DTls2s9sqQ9B62d3ixe5RM2DLjPawva3v1ttHpBB8RN1QBEwsKQ==
  dependencies:
    typescript "^3"

coc-json@>=1.2.5:
  version "1.2.5"
  resolved "https://registry.yarnpkg.com/coc-json/-/coc-json-1.2.5.tgz#c49b38991d52edb8d792a6e47b219a4d69119df2"
  integrity sha512-j8EAdxXxKxc5zHwCzdGAcnXzDXjtfbL6fNb9QIlBi2CkMIoARFyU4uZsIkMoROTMPaffHDFyzyAW2UJpbIJ0WQ==

coc-tsserver@>=1.4.11:
  version "1.4.11"
  resolved "https://registry.yarnpkg.com/coc-tsserver/-/coc-tsserver-1.4.11.tgz#7c83b0df428256d8c6d19c4b650e4d9f269fe248"
  integrity sha512-BMqtvulotRQwgQ/UkpGDz7b+tXXQGbxYJLo3SdmFeDeVkWLBGl/oP1ythlT3aY5K3kuCv0JnDgqpoAc175CERg==
  dependencies:
    typescript "3.7.3"

typescript@3.7.3:
  version "3.7.3"
  resolved "https://registry.yarnpkg.com/typescript/-/typescript-3.7.3.tgz#b36840668a16458a7025b9eabfad11b66ab85c69"
  integrity sha512-Mcr/Qk7hXqFBXMN7p7Lusj1ktCBydylfQM/FZCk5glCNQJrCUKPkMHdo9R0MTFWsC/4kPFvDS0fDPvukfCkFsw==

typescript@^3:
  version "3.8.3"
  resolved "https://registry.yarnpkg.com/typescript/-/typescript-3.8.3.tgz#409eb8544ea0335711205869ec458ab109ee1061"
  integrity sha512-MYlEfn5VrLNsgudQTVJeNaQFUAI7DkhnOjdpAp4T+ku1TfQClewlbSuTVHiA+8skNBgaf02TL/kLOvig4y3G8w==
